
Microsoft Visual Studio Solution File, Format Version 12.00
# Visual Studio 14
VisualStudioVersion = 14.0.25420.1
MinimumVisualStudioVersion = 10.0.40219.1
Project("{8BC9CEB8-8B4A-11D0-8D11-00A0C91BC942}") = "dll_example", "dll_example\dll_example.vcxproj", "{21F347A4-64D2-4E26-BFC3-89FD32DE3E8A}"
	ProjectSection(ProjectDependencies) = postProject
		{1E982B8D-BDDF-43C7-9851-02D0102D9ECB} = {1E982B8D-BDDF-43C7-9851-02D0102D9ECB}
	EndProjectSection
EndProject
Project("{8BC9CEB8-8B4A-11D0-8D11-00A0C91BC942}") = "myDLL", "myDLL\myDLL.vcxproj", "{1E982B8D-BDDF-43C7-9851-02D0102D9ECB}"
EndProject
Global
	GlobalSection(SolutionConfigurationPlatforms) = preSolution
		Debug|x64 = Debug|x64
		Debug|x86 = Debug|x86
		Release|x64 = Release|x64
		Release|x86 = Release|x86
	EndGlobalSection
	GlobalSection(ProjectConfigurationPlatforms) = postSolution
		{21F347A4-64D2-4E26-BFC3-89FD32DE3E8A}.Debug|x64.ActiveCfg = Debug|x64
		{21F347A4-64D2-4E26-BFC3-89FD32DE3E8A}.Debug|x64.Build.0 = Debug|x64
		{21F347A4-64D2-4E26-BFC3-89FD32DE3E8A}.Debug|x86.ActiveCfg = Debug|Win32
		{21F347A4-64D2-4E26-BFC3-89FD32DE3E8A}.Debug|x86.Build.0 = Debug|Win32
		{21F347A4-64D2-4E26-BFC3-89FD32DE3E8A}.Release|x64.ActiveCfg = Release|x64
		{21F347A4-64D2-4E26-BFC3-89FD32DE3E8A}.Release|x64.Build.0 = Release|x64
		{21F347A4-64D2-4E26-BFC3-89FD32DE3E8A}.Release|x86.ActiveCfg = Release|Win32
		{21F347A4-64D2-4E26-BFC3-89FD32DE3E8A}.Release|x86.Build.0 = Release|Win32
		{1E982B8D-BDDF-43C7-9851-02D0102D9ECB}.Debug|x64.ActiveCfg = Debug|x64
		{1E982B8D-BDDF-43C7-9851-02D0102D9ECB}.Debug|x64.Build.0 = Debug|x64
		{1E982B8D-BDDF-43C7-9851-02D0102D9ECB}.Debug|x86.ActiveCfg = Debug|Win32
		{1E982B8D-BDDF-43C7-9851-02D0102D9ECB}.Debug|x86.Build.0 = Debug|Win32
		{1E982B8D-BDDF-43C7-9851-02D0102D9ECB}.Release|x64.ActiveCfg = Release|x64
		{1E982B8D-BDDF-43C7-9851-02D0102D9ECB}.Release|x64.Build.0 = Release|x64
		{1E982B8D-BDDF-43C7-9851-02D0102D9ECB}.Release|x86.ActiveCfg = Release|Win32
		{1E982B8D-BDDF-43C7-9851-02D0102D9ECB}.Release|x86.Build.0 = Release|Win32
	EndGlobalSection
	GlobalSection(SolutionProperties) = preSolution
		HideSolutionNode = FALSE
	EndGlobalSection
EndGlobal
